
Microsoft Visual Studio Solution File, Format Version 12.00
# Visual Studio Version 16
VisualStudioVersion = 16.0.30413.136
MinimumVisualStudioVersion = 10.0.40219.1
Project("{FAE04EC0-301F-11D3-BF4B-00C04F79EFBC}") = "dotnet-client-consumer", "dotnet-client-consumer\dotnet-client-consumer.csproj", "{A808897E-B7E7-41B5-8113-777F2A2C49BA}"
EndProject
Global
	GlobalSection(SolutionConfigurationPlatforms) = preSolution
		Debug|Any CPU = Debug|Any CPU
		Release|Any CPU = Release|Any CPU
	EndGlobalSection
	GlobalSection(ProjectConfigurationPlatforms) = postSolution
		{A808897E-B7E7-41B5-8113-777F2A2C49BA}.Debug|Any CPU.ActiveCfg = Debug|Any CPU
		{A808897E-B7E7-41B5-8113-777F2A2C49BA}.Debug|Any CPU.Build.0 = Debug|Any CPU
		{A808897E-B7E7-41B5-8113-777F2A2C49BA}.Release|Any CPU.ActiveCfg = Release|Any CPU
		{A808897E-B7E7-41B5-8113-777F2A2C49BA}.Release|Any CPU.Build.0 = Release|Any CPU
	EndGlobalSection
	GlobalSection(SolutionProperties) = preSolution
		HideSolutionNode = FALSE
	EndGlobalSection
	GlobalSection(ExtensibilityGlobals) = postSolution
		SolutionGuid = {CD9082B2-E8AA-4C0F-840A-88AF0962F37D}
	EndGlobalSection
EndGlobal
